
Microsoft Visual Studio Solution File, Format Version 12.00
# Visual Studio Version 17
VisualStudioVersion = 17.0.31903.59
MinimumVisualStudioVersion = 10.0.40219.1
Project("{2150E333-8FDC-42A3-9474-1A3956D46DE8}") = "src", "src", "{827E0CD3-B72D-47B6-A68D-7590B98EB39B}"
EndProject
Project("{FAE04EC0-301F-11D3-BF4B-00C04F79EFBC}") = "ShilpoHubBD.Domain", "src\ShilpoHubBD.Domain\ShilpoHubBD.Domain.csproj", "{3C75B299-8D8F-4568-959F-DD36F96D9CF4}"
EndProject
Project("{FAE04EC0-301F-11D3-BF4B-00C04F79EFBC}") = "ShilpoHubBD.Application", "src\ShilpoHubBD.Application\ShilpoHubBD.Application.csproj", "{2A57B15A-56FB-4AE0-B4E4-203186638531}"
EndProject
Project("{FAE04EC0-301F-11D3-BF4B-00C04F79EFBC}") = "ShilpoHubBD.Data", "src\ShilpoHubBD.Data\ShilpoHubBD.Data.csproj", "{BF599A61-4929-4C97-B896-A2AA063D7DD2}"
EndProject
Project("{FAE04EC0-301F-11D3-BF4B-00C04F79EFBC}") = "ShilpoHubBD.Infrastructure", "src\ShilpoHubBD.Infrastructure\ShilpoHubBD.Infrastructure.csproj", "{C7705D18-67F5-4CEF-A1B5-261FA4B8524D}"
EndProject
Project("{FAE04EC0-301F-11D3-BF4B-00C04F79EFBC}") = "ShilpoHubBD.Api", "src\ShilpoHubBD.Api\ShilpoHubBD.Api.csproj", "{5625E687-FAA8-4927-AE95-8116A66124E0}"
EndProject
Global
	GlobalSection(SolutionConfigurationPlatforms) = preSolution
		Debug|Any CPU = Debug|Any CPU
		Debug|x64 = Debug|x64
		Debug|x86 = Debug|x86
		Release|Any CPU = Release|Any CPU
		Release|x64 = Release|x64
		Release|x86 = Release|x86
	EndGlobalSection
	GlobalSection(ProjectConfigurationPlatforms) = postSolution
		{3C75B299-8D8F-4568-959F-DD36F96D9CF4}.Debug|Any CPU.ActiveCfg = Debug|Any CPU
		{3C75B299-8D8F-4568-959F-DD36F96D9CF4}.Debug|Any CPU.Build.0 = Debug|Any CPU
		{3C75B299-8D8F-4568-959F-DD36F96D9CF4}.Debug|x64.ActiveCfg = Debug|Any CPU
		{3C75B299-8D8F-4568-959F-DD36F96D9CF4}.Debug|x64.Build.0 = Debug|Any CPU
		{3C75B299-8D8F-4568-959F-DD36F96D9CF4}.Debug|x86.ActiveCfg = Debug|Any CPU
		{3C75B299-8D8F-4568-959F-DD36F96D9CF4}.Debug|x86.Build.0 = Debug|Any CPU
		{3C75B299-8D8F-4568-959F-DD36F96D9CF4}.Release|Any CPU.ActiveCfg = Release|Any CPU
		{3C75B299-8D8F-4568-959F-DD36F96D9CF4}.Release|Any CPU.Build.0 = Release|Any CPU
		{3C75B299-8D8F-4568-959F-DD36F96D9CF4}.Release|x64.ActiveCfg = Release|Any CPU
		{3C75B299-8D8F-4568-959F-DD36F96D9CF4}.Release|x64.Build.0 = Release|Any CPU
		{3C75B299-8D8F-4568-959F-DD36F96D9CF4}.Release|x86.ActiveCfg = Release|Any CPU
		{3C75B299-8D8F-4568-959F-DD36F96D9CF4}.Release|x86.Build.0 = Release|Any CPU
		{2A57B15A-56FB-4AE0-B4E4-203186638531}.Debug|Any CPU.ActiveCfg = Debug|Any CPU
		{2A57B15A-56FB-4AE0-B4E4-203186638531}.Debug|Any CPU.Build.0 = Debug|Any CPU
		{2A57B15A-56FB-4AE0-B4E4-203186638531}.Debug|x64.ActiveCfg = Debug|Any CPU
		{2A57B15A-56FB-4AE0-B4E4-203186638531}.Debug|x64.Build.0 = Debug|Any CPU
		{2A57B15A-56FB-4AE0-B4E4-203186638531}.Debug|x86.ActiveCfg = Debug|Any CPU
		{2A57B15A-56FB-4AE0-B4E4-203186638531}.Debug|x86.Build.0 = Debug|Any CPU
		{2A57B15A-56FB-4AE0-B4E4-203186638531}.Release|Any CPU.ActiveCfg = Release|Any CPU
		{2A57B15A-56FB-4AE0-B4E4-203186638531}.Release|Any CPU.Build.0 = Release|Any CPU
		{2A57B15A-56FB-4AE0-B4E4-203186638531}.Release|x64.ActiveCfg = Release|Any CPU
		{2A57B15A-56FB-4AE0-B4E4-203186638531}.Release|x64.Build.0 = Release|Any CPU
		{2A57B15A-56FB-4AE0-B4E4-203186638531}.Release|x86.ActiveCfg = Release|Any CPU
		{2A57B15A-56FB-4AE0-B4E4-203186638531}.Release|x86.Build.0 = Release|Any CPU
		{BF599A61-4929-4C97-B896-A2AA063D7DD2}.Debug|Any CPU.ActiveCfg = Debug|Any CPU
		{BF599A61-4929-4C97-B896-A2AA063D7DD2}.Debug|Any CPU.Build.0 = Debug|Any CPU
		{BF599A61-4929-4C97-B896-A2AA063D7DD2}.Debug|x64.ActiveCfg = Debug|Any CPU
		{BF599A61-4929-4C97-B896-A2AA063D7DD2}.Debug|x64.Build.0 = Debug|Any CPU
		{BF599A61-4929-4C97-B896-A2AA063D7DD2}.Debug|x86.ActiveCfg = Debug|Any CPU
		{BF599A61-4929-4C97-B896-A2AA063D7DD2}.Debug|x86.Build.0 = Debug|Any CPU
		{BF599A61-4929-4C97-B896-A2AA063D7DD2}.Release|Any CPU.ActiveCfg = Release|Any CPU
		{BF599A61-4929-4C97-B896-A2AA063D7DD2}.Release|Any CPU.Build.0 = Release|Any CPU
		{BF599A61-4929-4C97-B896-A2AA063D7DD2}.Release|x64.ActiveCfg = Release|Any CPU
		{BF599A61-4929-4C97-B896-A2AA063D7DD2}.Release|x64.Build.0 = Release|Any CPU
		{BF599A61-4929-4C97-B896-A2AA063D7DD2}.Release|x86.ActiveCfg = Release|Any CPU
		{BF599A61-4929-4C97-B896-A2AA063D7DD2}.Release|x86.Build.0 = Release|Any CPU
		{C7705D18-67F5-4CEF-A1B5-261FA4B8524D}.Debug|Any CPU.ActiveCfg = Debug|Any CPU
		{C7705D18-67F5-4CEF-A1B5-261FA4B8524D}.Debug|Any CPU.Build.0 = Debug|Any CPU
		{C7705D18-67F5-4CEF-A1B5-261FA4B8524D}.Debug|x64.ActiveCfg = Debug|Any CPU
		{C7705D18-67F5-4CEF-A1B5-261FA4B8524D}.Debug|x64.Build.0 = Debug|Any CPU
		{C7705D18-67F5-4CEF-A1B5-261FA4B8524D}.Debug|x86.ActiveCfg = Debug|Any CPU
		{C7705D18-67F5-4CEF-A1B5-261FA4B8524D}.Debug|x86.Build.0 = Debug|Any CPU
		{C7705D18-67F5-4CEF-A1B5-261FA4B8524D}.Release|Any CPU.ActiveCfg = Release|Any CPU
		{C7705D18-67F5-4CEF-A1B5-261FA4B8524D}.Release|Any CPU.Build.0 = Release|Any CPU
		{C7705D18-67F5-4CEF-A1B5-261FA4B8524D}.Release|x64.ActiveCfg = Release|Any CPU
		{C7705D18-67F5-4CEF-A1B5-261FA4B8524D}.Release|x64.Build.0 = Release|Any CPU
		{C7705D18-67F5-4CEF-A1B5-261FA4B8524D}.Release|x86.ActiveCfg = Release|Any CPU
		{C7705D18-67F5-4CEF-A1B5-261FA4B8524D}.Release|x86.Build.0 = Release|Any CPU
		{5625E687-FAA8-4927-AE95-8116A66124E0}.Debug|Any CPU.ActiveCfg = Debug|Any CPU
		{5625E687-FAA8-4927-AE95-8116A66124E0}.Debug|Any CPU.Build.0 = Debug|Any CPU
		{5625E687-FAA8-4927-AE95-8116A66124E0}.Debug|x64.ActiveCfg = Debug|Any CPU
		{5625E687-FAA8-4927-AE95-8116A66124E0}.Debug|x64.Build.0 = Debug|Any CPU
		{5625E687-FAA8-4927-AE95-8116A66124E0}.Debug|x86.ActiveCfg = Debug|Any CPU
		{5625E687-FAA8-4927-AE95-8116A66124E0}.Debug|x86.Build.0 = Debug|Any CPU
		{5625E687-FAA8-4927-AE95-8116A66124E0}.Release|Any CPU.ActiveCfg = Release|Any CPU
		{5625E687-FAA8-4927-AE95-8116A66124E0}.Release|Any CPU.Build.0 = Release|Any CPU
		{5625E687-FAA8-4927-AE95-8116A66124E0}.Release|x64.ActiveCfg = Release|Any CPU
		{5625E687-FAA8-4927-AE95-8116A66124E0}.Release|x64.Build.0 = Release|Any CPU
		{5625E687-FAA8-4927-AE95-8116A66124E0}.Release|x86.ActiveCfg = Release|Any CPU
		{5625E687-FAA8-4927-AE95-8116A66124E0}.Release|x86.Build.0 = Release|Any CPU
	EndGlobalSection
	GlobalSection(SolutionProperties) = preSolution
		HideSolutionNode = FALSE
	EndGlobalSection
	GlobalSection(NestedProjects) = preSolution
		{3C75B299-8D8F-4568-959F-DD36F96D9CF4} = {827E0CD3-B72D-47B6-A68D-7590B98EB39B}
		{2A57B15A-56FB-4AE0-B4E4-203186638531} = {827E0CD3-B72D-47B6-A68D-7590B98EB39B}
		{BF599A61-4929-4C97-B896-A2AA063D7DD2} = {827E0CD3-B72D-47B6-A68D-7590B98EB39B}
		{C7705D18-67F5-4CEF-A1B5-261FA4B8524D} = {827E0CD3-B72D-47B6-A68D-7590B98EB39B}
		{5625E687-FAA8-4927-AE95-8116A66124E0} = {827E0CD3-B72D-47B6-A68D-7590B98EB39B}
	EndGlobalSection
EndGlobal
